Microsoft Visual Studio Solution File, Format Version 12.00
# Visual Studio 15
VisualStudioVersion = 15.0.28307.136
MinimumVisualStudioVersion = 10.0.40219.1
Project("{FAE04EC0-301F-11D3-BF4B-00C04F79EFBC}") = "MeetupSurvey", "MeetupSurvey\MeetupSurvey.csproj", "{5227B587-09DB-4AFB-8A8E-48922F9CBFB8}"
EndProject
Project("{FAE04EC0-301F-11D3-BF4B-00C04F79EFBC}") = "MeetupSurvey.Android", "MeetupSurvey.Android\MeetupSurvey.Android.csproj", "{19D199A4-AAA9-4BC2-B9D0-887DDD24C213}"
EndProject
Project("{FAE04EC0-301F-11D3-BF4B-00C04F79EFBC}") = "MeetupSurvey.iOS", "MeetupSurvey.iOS\MeetupSurvey.iOS.csproj", "{C6C4B85D-262E-4666-9E19-D10C96A574F9}"
EndProject
Project("{2150E333-8FDC-42A3-9474-1A3956D46DE8}") = "Solution Items", "Solution Items", "{CF9CAF03-1DF4-4BD5-B594-9F048C80CB51}"
EndProject
Project("{2150E333-8FDC-42A3-9474-1A3956D46DE8}") = "src", "src", "{8DF8F2E2-4DFA-41A7-AE52-E7B09C8BCE14}"
EndProject
Project("{2150E333-8FDC-42A3-9474-1A3956D46DE8}") = "Platforms", "Platforms", "{3FB23AB9-F940-440B-A428-C6B3678E1396}"
EndProject
Project("{2150E333-8FDC-42A3-9474-1A3956D46DE8}") = "Services", "Services", "{9B6EC426-AF43-4F17-9C3A-C79C2ECBF58F}"
EndProject
Project("{9A19103F-16F7-4668-BE54-9A1E7A4F7556}") = "MeetupSurvey.Core", "MeetupSurvey.Core\MeetupSurvey.Core.csproj", "{501D9ABC-0EBC-4E04-BE0E-545212899816}"
EndProject
Project("{9A19103F-16F7-4668-BE54-9A1E7A4F7556}") = "MeetupSurvey.Device.Impl", "MeetupSurvey.Device.Impl\MeetupSurvey.Device.Impl.csproj", "{A4455838-A921-4DB0-A192-5FFED6E87160}"
EndProject
Project("{9A19103F-16F7-4668-BE54-9A1E7A4F7556}") = "MeetupSurvey.Data.Impl", "MeetupSurvey.Data.Impl\MeetupSurvey.Data.Impl.csproj", "{34450B4E-1BD7-4606-B325-263046FE2E11}"
EndProject
Project("{FAE04EC0-301F-11D3-BF4B-00C04F79EFBC}") = "MeetupSurvey.API", "MeetupSurvey.API\MeetupSurvey.API.csproj", "{EB902115-081A-4DE6-8EA2-E07D1FD0BEAB}"
EndProject
Project("{9A19103F-16F7-4668-BE54-9A1E7A4F7556}") = "MeetupSurvey.ApiClient", "MeetupSurvey.ApiClient\MeetupSurvey.ApiClient.csproj", "{5F9B01B2-1200-478F-8FE2-98AAE20A23D8}"
EndProject
Project("{FAE04EC0-301F-11D3-BF4B-00C04F79EFBC}") = "MeetupSurvey.DTO", "MeetupSurvey.DTO\MeetupSurvey.DTO.csproj", "{E29FF308-2255-42EE-9368-7EB765743DD8}"
EndProject
Project("{FAE04EC0-301F-11D3-BF4B-00C04F79EFBC}") = "MeetupSurvey.Logging.AppCenter", "MeetupSurvey.Logging.AppCenter\MeetupSurvey.Logging.AppCenter.csproj", "{89816A04-3AEF-407F-A54A-1492CE83DD6A}"
EndProject
Project("{FAE04EC0-301F-11D3-BF4B-00C04F79EFBC}") = "MeetupSurvey.PushNotifications", "MeetupSurvey.PushNotifications\MeetupSurvey.PushNotifications.csproj", "{FEBC2CDE-EC1E-4D15-A316-E4DE0B12F47D}"
EndProject
Project("{FAE04EC0-301F-11D3-BF4B-00C04F79EFBC}") = "RateTheMeet", "RateTheMeet\RateTheMeet.csproj", "{B565B8D3-DDB6-4904-9825-60DFC4485624}"
EndProject
Global
	GlobalSection(SolutionConfigurationPlatforms) = preSolution
		Ad-Hoc|Any CPU = Ad-Hoc|Any CPU
		Ad-Hoc|iPhone = Ad-Hoc|iPhone
		Ad-Hoc|iPhoneSimulator = Ad-Hoc|iPhoneSimulator
		API|Any CPU = API|Any CPU
		API|iPhone = API|iPhone
		API|iPhoneSimulator = API|iPhoneSimulator
		AppStore|Any CPU = AppStore|Any CPU
		AppStore|iPhone = AppStore|iPhone
		AppStore|iPhoneSimulator = AppStore|iPhoneSimulator
		Debug|Any CPU = Debug|Any CPU
		Debug|iPhone = Debug|iPhone
		Debug|iPhoneSimulator = Debug|iPhoneSimulator
		Release|Any CPU = Release|Any CPU
		Release|iPhone = Release|iPhone
		Release|iPhoneSimulator = Release|iPhoneSimulator
	EndGlobalSection
	GlobalSection(ProjectConfigurationPlatforms) = postSolution
		{5227B587-09DB-4AFB-8A8E-48922F9CBFB8}.Ad-Hoc|Any CPU.ActiveCfg = Release|Any CPU
		{5227B587-09DB-4AFB-8A8E-48922F9CBFB8}.Ad-Hoc|Any CPU.Build.0 = Release|Any CPU
		{5227B587-09DB-4AFB-8A8E-48922F9CBFB8}.Ad-Hoc|iPhone.ActiveCfg = Debug|Any CPU
		{5227B587-09DB-4AFB-8A8E-48922F9CBFB8}.Ad-Hoc|iPhone.Build.0 = Debug|Any CPU
		{5227B587-09DB-4AFB-8A8E-48922F9CBFB8}.Ad-Hoc|iPhoneSimulator.ActiveCfg = Release|Any CPU
		{5227B587-09DB-4AFB-8A8E-48922F9CBFB8}.Ad-Hoc|iPhoneSimulator.Build.0 = Release|Any CPU
		{5227B587-09DB-4AFB-8A8E-48922F9CBFB8}.API|Any CPU.ActiveCfg = API|Any CPU
		{5227B587-09DB-4AFB-8A8E-48922F9CBFB8}.API|iPhone.ActiveCfg = API|Any CPU
		{5227B587-09DB-4AFB-8A8E-48922F9CBFB8}.API|iPhone.Build.0 = API|Any CPU
		{5227B587-09DB-4AFB-8A8E-48922F9CBFB8}.API|iPhoneSimulator.ActiveCfg = API|Any CPU
		{5227B587-09DB-4AFB-8A8E-48922F9CBFB8}.API|iPhoneSimulator.Build.0 = API|Any CPU
		{5227B587-09DB-4AFB-8A8E-48922F9CBFB8}.AppStore|Any CPU.ActiveCfg = Release|Any CPU
		{5227B587-09DB-4AFB-8A8E-48922F9CBFB8}.AppStore|Any CPU.Build.0 = Release|Any CPU
		{5227B587-09DB-4AFB-8A8E-48922F9CBFB8}.AppStore|iPhone.ActiveCfg = Debug|Any CPU
		{5227B587-09DB-4AFB-8A8E-48922F9CBFB8}.AppStore|iPhone.Build.0 = Debug|Any CPU
		{5227B587-09DB-4AFB-8A8E-48922F9CBFB8}.AppStore|iPhoneSimulator.ActiveCfg = Release|Any CPU
		{5227B587-09DB-4AFB-8A8E-48922F9CBFB8}.AppStore|iPhoneSimulator.Build.0 = Release|Any CPU
		{5227B587-09DB-4AFB-8A8E-48922F9CBFB8}.Debug|Any CPU.ActiveCfg = Debug|Any CPU
		{5227B587-09DB-4AFB-8A8E-48922F9CBFB8}.Debug|Any CPU.Build.0 = Debug|Any CPU
		{5227B587-09DB-4AFB-8A8E-48922F9CBFB8}.Debug|iPhone.ActiveCfg = Debug|Any CPU
		{5227B587-09DB-4AFB-8A8E-48922F9CBFB8}.Debug|iPhone.Build.0 = Debug|Any CPU
		{5227B587-09DB-4AFB-8A8E-48922F9CBFB8}.Debug|iPhoneSimulator.ActiveCfg = Debug|Any CPU
		{5227B587-09DB-4AFB-8A8E-48922F9CBFB8}.Debug|iPhoneSimulator.Build.0 = Debug|Any CPU
		{5227B587-09DB-4AFB-8A8E-48922F9CBFB8}.Release|Any CPU.ActiveCfg = Release|Any CPU
		{5227B587-09DB-4AFB-8A8E-48922F9CBFB8}.Release|Any CPU.Build.0 = Release|Any CPU
		{5227B587-09DB-4AFB-8A8E-48922F9CBFB8}.Release|iPhone.ActiveCfg = Release|Any CPU
		{5227B587-09DB-4AFB-8A8E-48922F9CBFB8}.Release|iPhone.Build.0 = Release|Any CPU
		{5227B587-09DB-4AFB-8A8E-48922F9CBFB8}.Release|iPhoneSimulator.ActiveCfg = Release|Any CPU
		{5227B587-09DB-4AFB-8A8E-48922F9CBFB8}.Release|iPhoneSimulator.Build.0 = Release|Any CPU
		{19D199A4-AAA9-4BC2-B9D0-887DDD24C213}.Ad-Hoc|Any CPU.ActiveCfg = Release|Any CPU
		{19D199A4-AAA9-4BC2-B9D0-887DDD24C213}.Ad-Hoc|Any CPU.Build.0 = Release|Any CPU
		{19D199A4-AAA9-4BC2-B9D0-887DDD24C213}.Ad-Hoc|Any CPU.Deploy.0 = Release|Any CPU
		{19D199A4-AAA9-4BC2-B9D0-887DDD24C213}.Ad-Hoc|iPhone.ActiveCfg = Debug|Any CPU
		{19D199A4-AAA9-4BC2-B9D0-887DDD24C213}.Ad-Hoc|iPhone.Build.0 = Debug|Any CPU
		{19D199A4-AAA9-4BC2-B9D0-887DDD24C213}.Ad-Hoc|iPhoneSimulator.ActiveCfg = Release|Any CPU
		{19D199A4-AAA9-4BC2-B9D0-887DDD24C213}.Ad-Hoc|iPhoneSimulator.Build.0 = Release|Any CPU
		{19D199A4-AAA9-4BC2-B9D0-887DDD24C213}.Ad-Hoc|iPhoneSimulator.Deploy.0 = Release|Any CPU
		{19D199A4-AAA9-4BC2-B9D0-887DDD24C213}.API|Any CPU.ActiveCfg = API|Any CPU
		{19D199A4-AAA9-4BC2-B9D0-887DDD24C213}.API|iPhone.ActiveCfg = API|Any CPU
		{19D199A4-AAA9-4BC2-B9D0-887DDD24C213}.API|iPhone.Build.0 = API|Any CPU
		{19D199A4-AAA9-4BC2-B9D0-887DDD24C213}.API|iPhone.Deploy.0 = API|Any CPU
		{19D199A4-AAA9-4BC2-B9D0-887DDD24C213}.API|iPhoneSimulator.ActiveCfg = API|Any CPU
		{19D199A4-AAA9-4BC2-B9D0-887DDD24C213}.API|iPhoneSimulator.Build.0 = API|Any CPU
		{19D199A4-AAA9-4BC2-B9D0-887DDD24C213}.API|iPhoneSimulator.Deploy.0 = API|Any CPU
		{19D199A4-AAA9-4BC2-B9D0-887DDD24C213}.AppStore|Any CPU.ActiveCfg = Release|Any CPU
		{19D199A4-AAA9-4BC2-B9D0-887DDD24C213}.AppStore|Any CPU.Build.0 = Release|Any CPU
		{19D199A4-AAA9-4BC2-B9D0-887DDD24C213}.AppStore|Any CPU.Deploy.0 = Release|Any CPU
		{19D199A4-AAA9-4BC2-B9D0-887DDD24C213}.AppStore|iPhone.ActiveCfg = Debug|Any CPU
		{19D199A4-AAA9-4BC2-B9D0-887DDD24C213}.AppStore|iPhone.Build.0 = Debug|Any CPU
		{19D199A4-AAA9-4BC2-B9D0-887DDD24C213}.AppStore|iPhoneSimulator.ActiveCfg = Release|Any CPU
		{19D199A4-AAA9-4BC2-B9D0-887DDD24C213}.AppStore|iPhoneSimulator.Build.0 = Release|Any CPU
		{19D199A4-AAA9-4BC2-B9D0-887DDD24C213}.AppStore|iPhoneSimulator.Deploy.0 = Release|Any CPU
		{19D199A4-AAA9-4BC2-B9D0-887DDD24C213}.Debug|Any CPU.ActiveCfg = Debug|Any CPU
		{19D199A4-AAA9-4BC2-B9D0-887DDD24C213}.Debug|Any CPU.Build.0 = Debug|Any CPU
		{19D199A4-AAA9-4BC2-B9D0-887DDD24C213}.Debug|iPhone.ActiveCfg = Debug|Any CPU
		{19D199A4-AAA9-4BC2-B9D0-887DDD24C213}.Debug|iPhone.Build.0 = Debug|Any CPU
		{19D199A4-AAA9-4BC2-B9D0-887DDD24C213}.Debug|iPhoneSimulator.ActiveCfg = Debug|Any CPU
		{19D199A4-AAA9-4BC2-B9D0-887DDD24C213}.Debug|iPhoneSimulator.Build.0 = Debug|Any CPU
		{19D199A4-AAA9-4BC2-B9D0-887DDD24C213}.Release|Any CPU.ActiveCfg = Release|Any CPU
		{19D199A4-AAA9-4BC2-B9D0-887DDD24C213}.Release|Any CPU.Build.0 = Release|Any CPU
		{19D199A4-AAA9-4BC2-B9D0-887DDD24C213}.Release|iPhone.ActiveCfg = Release|Any CPU
		{19D199A4-AAA9-4BC2-B9D0-887DDD24C213}.Release|iPhone.Build.0 = Release|Any CPU
		{19D199A4-AAA9-4BC2-B9D0-887DDD24C213}.Release|iPhoneSimulator.ActiveCfg = Release|Any CPU
		{19D199A4-AAA9-4BC2-B9D0-887DDD24C213}.Release|iPhoneSimulator.Build.0 = Release|Any CPU
		{C6C4B85D-262E-4666-9E19-D10C96A574F9}.Ad-Hoc|Any CPU.ActiveCfg = Ad-Hoc|iPhoneSimulator
		{C6C4B85D-262E-4666-9E19-D10C96A574F9}.Ad-Hoc|iPhone.ActiveCfg = Ad-Hoc|iPhone
		{C6C4B85D-262E-4666-9E19-D10C96A574F9}.Ad-Hoc|iPhone.Build.0 = Ad-Hoc|iPhone
		{C6C4B85D-262E-4666-9E19-D10C96A574F9}.Ad-Hoc|iPhoneSimulator.ActiveCfg = Ad-Hoc|iPhoneSimulator
		{C6C4B85D-262E-4666-9E19-D10C96A574F9}.Ad-Hoc|iPhoneSimulator.Build.0 = Ad-Hoc|iPhoneSimulator
		{C6C4B85D-262E-4666-9E19-D10C96A574F9}.API|Any CPU.ActiveCfg = API|iPhone
		{C6C4B85D-262E-4666-9E19-D10C96A574F9}.API|iPhone.ActiveCfg = API|iPhone
		{C6C4B85D-262E-4666-9E19-D10C96A574F9}.API|iPhone.Build.0 = API|iPhone
		{C6C4B85D-262E-4666-9E19-D10C96A574F9}.API|iPhoneSimulator.ActiveCfg = API|iPhoneSimulator
		{C6C4B85D-262E-4666-9E19-D10C96A574F9}.API|iPhoneSimulator.Build.0 = API|iPhoneSimulator
		{C6C4B85D-262E-4666-9E19-D10C96A574F9}.AppStore|Any CPU.ActiveCfg = AppStore|iPhoneSimulator
		{C6C4B85D-262E-4666-9E19-D10C96A574F9}.AppStore|iPhone.ActiveCfg = AppStore|iPhone
		{C6C4B85D-262E-4666-9E19-D10C96A574F9}.AppStore|iPhone.Build.0 = AppStore|iPhone
		{C6C4B85D-262E-4666-9E19-D10C96A574F9}.AppStore|iPhoneSimulator.ActiveCfg = AppStore|iPhoneSimulator
		{C6C4B85D-262E-4666-9E19-D10C96A574F9}.AppStore|iPhoneSimulator.Build.0 = AppStore|iPhoneSimulator
		{C6C4B85D-262E-4666-9E19-D10C96A574F9}.Debug|Any CPU.ActiveCfg = Debug|iPhoneSimulator
		{C6C4B85D-262E-4666-9E19-D10C96A574F9}.Debug|Any CPU.Build.0 = Debug|iPhoneSimulator
		{C6C4B85D-262E-4666-9E19-D10C96A574F9}.Debug|iPhone.ActiveCfg = Debug|iPhone
		{C6C4B85D-262E-4666-9E19-D10C96A574F9}.Debug|iPhone.Build.0 = Debug|iPhone
		{C6C4B85D-262E-4666-9E19-D10C96A574F9}.Debug|iPhoneSimulator.ActiveCfg = Debug|iPhoneSimulator
		{C6C4B85D-262E-4666-9E19-D10C96A574F9}.Debug|iPhoneSimulator.Build.0 = Debug|iPhoneSimulator
		{C6C4B85D-262E-4666-9E19-D10C96A574F9}.Release|Any CPU.ActiveCfg = Release|iPhoneSimulator
		{C6C4B85D-262E-4666-9E19-D10C96A574F9}.Release|Any CPU.Build.0 = Release|iPhoneSimulator
		{C6C4B85D-262E-4666-9E19-D10C96A574F9}.Release|iPhone.ActiveCfg = Release|iPhone
		{C6C4B85D-262E-4666-9E19-D10C96A574F9}.Release|iPhone.Build.0 = Release|iPhone
		{C6C4B85D-262E-4666-9E19-D10C96A574F9}.Release|iPhoneSimulator.ActiveCfg = Release|iPhoneSimulator
		{C6C4B85D-262E-4666-9E19-D10C96A574F9}.Release|iPhoneSimulator.Build.0 = Release|iPhoneSimulator
		{501D9ABC-0EBC-4E04-BE0E-545212899816}.Ad-Hoc|Any CPU.ActiveCfg = Debug|Any CPU
		{501D9ABC-0EBC-4E04-BE0E-545212899816}.Ad-Hoc|Any CPU.Build.0 = Debug|Any CPU
		{501D9ABC-0EBC-4E04-BE0E-545212899816}.Ad-Hoc|iPhone.ActiveCfg = Release|Any CPU
		{501D9ABC-0EBC-4E04-BE0E-545212899816}.Ad-Hoc|iPhone.Build.0 = Release|Any CPU
		{501D9ABC-0EBC-4E04-BE0E-545212899816}.Ad-Hoc|iPhoneSimulator.ActiveCfg = Debug|Any CPU
		{501D9ABC-0EBC-4E04-BE0E-545212899816}.Ad-Hoc|iPhoneSimulator.Build.0 = Debug|Any CPU
		{501D9ABC-0EBC-4E04-BE0E-545212899816}.API|Any CPU.ActiveCfg = API|Any CPU
		{501D9ABC-0EBC-4E04-BE0E-545212899816}.API|iPhone.ActiveCfg = API|Any CPU
		{501D9ABC-0EBC-4E04-BE0E-545212899816}.API|iPhone.Build.0 = API|Any CPU
		{501D9ABC-0EBC-4E04-BE0E-545212899816}.API|iPhoneSimulator.ActiveCfg = API|Any CPU
		{501D9ABC-0EBC-4E04-BE0E-545212899816}.API|iPhoneSimulator.Build.0 = API|Any CPU
		{501D9ABC-0EBC-4E04-BE0E-545212899816}.AppStore|Any CPU.ActiveCfg = Debug|Any CPU
		{501D9ABC-0EBC-4E04-BE0E-545212899816}.AppStore|Any CPU.Build.0 = Debug|Any CPU
		{501D9ABC-0EBC-4E04-BE0E-545212899816}.AppStore|iPhone.ActiveCfg = Release|Any CPU
		{501D9ABC-0EBC-4E04-BE0E-545212899816}.AppStore|iPhone.Build.0 = Release|Any CPU
		{501D9ABC-0EBC-4E04-BE0E-545212899816}.AppStore|iPhoneSimulator.ActiveCfg = Debug|Any CPU
		{501D9ABC-0EBC-4E04-BE0E-545212899816}.AppStore|iPhoneSimulator.Build.0 = Debug|Any CPU
		{501D9ABC-0EBC-4E04-BE0E-545212899816}.Debug|Any CPU.ActiveCfg = Debug|Any CPU
		{501D9ABC-0EBC-4E04-BE0E-545212899816}.Debug|Any CPU.Build.0 = Debug|Any CPU
		{501D9ABC-0EBC-4E04-BE0E-545212899816}.Debug|iPhone.ActiveCfg = Debug|Any CPU
		{501D9ABC-0EBC-4E04-BE0E-545212899816}.Debug|iPhone.Build.0 = Debug|Any CPU
		{501D9ABC-0EBC-4E04-BE0E-545212899816}.Debug|iPhoneSimulator.ActiveCfg = Debug|Any CPU
		{501D9ABC-0EBC-4E04-BE0E-545212899816}.Debug|iPhoneSimulator.Build.0 = Debug|Any CPU
		{501D9ABC-0EBC-4E04-BE0E-545212899816}.Release|Any CPU.ActiveCfg = Release|Any CPU
		{501D9ABC-0EBC-4E04-BE0E-545212899816}.Release|Any CPU.Build.0 = Release|Any CPU
		{501D9ABC-0EBC-4E04-BE0E-545212899816}.Release|iPhone.ActiveCfg = Release|Any CPU
		{501D9ABC-0EBC-4E04-BE0E-545212899816}.Release|iPhone.Build.0 = Release|Any CPU
		{501D9ABC-0EBC-4E04-BE0E-545212899816}.Release|iPhoneSimulator.ActiveCfg = Release|Any CPU
		{501D9ABC-0EBC-4E04-BE0E-545212899816}.Release|iPhoneSimulator.Build.0 = Release|Any CPU
		{A4455838-A921-4DB0-A192-5FFED6E87160}.Ad-Hoc|Any CPU.ActiveCfg = Debug|Any CPU
		{A4455838-A921-4DB0-A192-5FFED6E87160}.Ad-Hoc|Any CPU.Build.0 = Debug|Any CPU
		{A4455838-A921-4DB0-A192-5FFED6E87160}.Ad-Hoc|iPhone.ActiveCfg = Release|Any CPU
		{A4455838-A921-4DB0-A192-5FFED6E87160}.Ad-Hoc|iPhone.Build.0 = Release|Any CPU
		{A4455838-A921-4DB0-A192-5FFED6E87160}.Ad-Hoc|iPhoneSimulator.ActiveCfg = Debug|Any CPU
		{A4455838-A921-4DB0-A192-5FFED6E87160}.Ad-Hoc|iPhoneSimulator.Build.0 = Debug|Any CPU
		{A4455838-A921-4DB0-A192-5FFED6E87160}.API|Any CPU.ActiveCfg = API|Any CPU
		{A4455838-A921-4DB0-A192-5FFED6E87160}.API|iPhone.ActiveCfg = API|Any CPU
		{A4455838-A921-4DB0-A192-5FFED6E87160}.API|iPhone.Build.0 = API|Any CPU
		{A4455838-A921-4DB0-A192-5FFED6E87160}.API|iPhoneSimulator.ActiveCfg = API|Any CPU
		{A4455838-A921-4DB0-A192-5FFED6E87160}.API|iPhoneSimulator.Build.0 = API|Any CPU
		{A4455838-A921-4DB0-A192-5FFED6E87160}.AppStore|Any CPU.ActiveCfg = Debug|Any CPU
		{A4455838-A921-4DB0-A192-5FFED6E87160}.AppStore|Any CPU.Build.0 = Debug|Any CPU
		{A4455838-A921-4DB0-A192-5FFED6E87160}.AppStore|iPhone.ActiveCfg = Release|Any CPU
		{A4455838-A921-4DB0-A192-5FFED6E87160}.AppStore|iPhone.Build.0 = Release|Any CPU
		{A4455838-A921-4DB0-A192-5FFED6E87160}.AppStore|iPhoneSimulator.ActiveCfg = Debug|Any CPU
		{A4455838-A921-4DB0-A192-5FFED6E87160}.AppStore|iPhoneSimulator.Build.0 = Debug|Any CPU
		{A4455838-A921-4DB0-A192-5FFED6E87160}.Debug|Any CPU.ActiveCfg = Debug|Any CPU
		{A4455838-A921-4DB0-A192-5FFED6E87160}.Debug|Any CPU.Build.0 = Debug|Any CPU
		{A4455838-A921-4DB0-A192-5FFED6E87160}.Debug|iPhone.ActiveCfg = Debug|Any CPU
		{A4455838-A921-4DB0-A192-5FFED6E87160}.Debug|iPhone.Build.0 = Debug|Any CPU
		{A4455838-A921-4DB0-A192-5FFED6E87160}.Debug|iPhoneSimulator.ActiveCfg = Debug|Any CPU
		{A4455838-A921-4DB0-A192-5FFED6E87160}.Debug|iPhoneSimulator.Build.0 = Debug|Any CPU
		{A4455838-A921-4DB0-A192-5FFED6E87160}.Release|Any CPU.ActiveCfg = Release|Any CPU
		{A4455838-A921-4DB0-A192-5FFED6E87160}.Release|Any CPU.Build.0 = Release|Any CPU
		{A4455838-A921-4DB0-A192-5FFED6E87160}.Release|iPhone.ActiveCfg = Release|Any CPU
		{A4455838-A921-4DB0-A192-5FFED6E87160}.Release|iPhone.Build.0 = Release|Any CPU
		{A4455838-A921-4DB0-A192-5FFED6E87160}.Release|iPhoneSimulator.ActiveCfg = Release|Any CPU
		{A4455838-A921-4DB0-A192-5FFED6E87160}.Release|iPhoneSimulator.Build.0 = Release|Any CPU
		{34450B4E-1BD7-4606-B325-263046FE2E11}.Ad-Hoc|Any CPU.ActiveCfg = Debug|Any CPU
		{34450B4E-1BD7-4606-B325-263046FE2E11}.Ad-Hoc|Any CPU.Build.0 = Debug|Any CPU
		{34450B4E-1BD7-4606-B325-263046FE2E11}.Ad-Hoc|iPhone.ActiveCfg = Release|Any CPU
		{34450B4E-1BD7-4606-B325-263046FE2E11}.Ad-Hoc|iPhone.Build.0 = Release|Any CPU
		{34450B4E-1BD7-4606-B325-263046FE2E11}.Ad-Hoc|iPhoneSimulator.ActiveCfg = Debug|Any CPU
		{34450B4E-1BD7-4606-B325-263046FE2E11}.Ad-Hoc|iPhoneSimulator.Build.0 = Debug|Any CPU
		{34450B4E-1BD7-4606-B325-263046FE2E11}.API|Any CPU.ActiveCfg = API|Any CPU
		{34450B4E-1BD7-4606-B325-263046FE2E11}.API|iPhone.ActiveCfg = API|Any CPU
		{34450B4E-1BD7-4606-B325-263046FE2E11}.API|iPhone.Build.0 = API|Any CPU
		{34450B4E-1BD7-4606-B325-263046FE2E11}.API|iPhoneSimulator.ActiveCfg = API|Any CPU
		{34450B4E-1BD7-4606-B325-263046FE2E11}.API|iPhoneSimulator.Build.0 = API|Any CPU
		{34450B4E-1BD7-4606-B325-263046FE2E11}.AppStore|Any CPU.ActiveCfg = Debug|Any CPU
		{34450B4E-1BD7-4606-B325-263046FE2E11}.AppStore|Any CPU.Build.0 = Debug|Any CPU
		{34450B4E-1BD7-4606-B325-263046FE2E11}.AppStore|iPhone.ActiveCfg = Release|Any CPU
		{34450B4E-1BD7-4606-B325-263046FE2E11}.AppStore|iPhone.Build.0 = Release|Any CPU
		{34450B4E-1BD7-4606-B325-263046FE2E11}.AppStore|iPhoneSimulator.ActiveCfg = Debug|Any CPU
		{34450B4E-1BD7-4606-B325-263046FE2E11}.AppStore|iPhoneSimulator.Build.0 = Debug|Any CPU
		{34450B4E-1BD7-4606-B325-263046FE2E11}.Debug|Any CPU.ActiveCfg = Debug|Any CPU
		{34450B4E-1BD7-4606-B325-263046FE2E11}.Debug|Any CPU.Build.0 = Debug|Any CPU
		{34450B4E-1BD7-4606-B325-263046FE2E11}.Debug|iPhone.ActiveCfg = Debug|Any CPU
		{34450B4E-1BD7-4606-B325-263046FE2E11}.Debug|iPhone.Build.0 = Debug|Any CPU
		{34450B4E-1BD7-4606-B325-263046FE2E11}.Debug|iPhoneSimulator.ActiveCfg = Debug|Any CPU
		{34450B4E-1BD7-4606-B325-263046FE2E11}.Debug|iPhoneSimulator.Build.0 = Debug|Any CPU
		{34450B4E-1BD7-4606-B325-263046FE2E11}.Release|Any CPU.ActiveCfg = Release|Any CPU
		{34450B4E-1BD7-4606-B325-263046FE2E11}.Release|Any CPU.Build.0 = Release|Any CPU
		{34450B4E-1BD7-4606-B325-263046FE2E11}.Release|iPhone.ActiveCfg = Release|Any CPU
		{34450B4E-1BD7-4606-B325-263046FE2E11}.Release|iPhone.Build.0 = Release|Any CPU
		{34450B4E-1BD7-4606-B325-263046FE2E11}.Release|iPhoneSimulator.ActiveCfg = Release|Any CPU
		{34450B4E-1BD7-4606-B325-263046FE2E11}.Release|iPhoneSimulator.Build.0 = Release|Any CPU
		{EB902115-081A-4DE6-8EA2-E07D1FD0BEAB}.Ad-Hoc|Any CPU.ActiveCfg = Debug|Any CPU
		{EB902115-081A-4DE6-8EA2-E07D1FD0BEAB}.Ad-Hoc|Any CPU.Build.0 = Debug|Any CPU
		{EB902115-081A-4DE6-8EA2-E07D1FD0BEAB}.Ad-Hoc|iPhone.ActiveCfg = Release|Any CPU
		{EB902115-081A-4DE6-8EA2-E07D1FD0BEAB}.Ad-Hoc|iPhone.Build.0 = Release|Any CPU
		{EB902115-081A-4DE6-8EA2-E07D1FD0BEAB}.Ad-Hoc|iPhoneSimulator.ActiveCfg = Debug|Any CPU
		{EB902115-081A-4DE6-8EA2-E07D1FD0BEAB}.Ad-Hoc|iPhoneSimulator.Build.0 = Debug|Any CPU
		{EB902115-081A-4DE6-8EA2-E07D1FD0BEAB}.API|Any CPU.ActiveCfg = API|Any CPU
		{EB902115-081A-4DE6-8EA2-E07D1FD0BEAB}.API|Any CPU.Build.0 = API|Any CPU
		{EB902115-081A-4DE6-8EA2-E07D1FD0BEAB}.API|iPhone.ActiveCfg = API|Any CPU
		{EB902115-081A-4DE6-8EA2-E07D1FD0BEAB}.API|iPhone.Build.0 = API|Any CPU
		{EB902115-081A-4DE6-8EA2-E07D1FD0BEAB}.API|iPhoneSimulator.ActiveCfg = API|Any CPU
		{EB902115-081A-4DE6-8EA2-E07D1FD0BEAB}.API|iPhoneSimulator.Build.0 = API|Any CPU
		{EB902115-081A-4DE6-8EA2-E07D1FD0BEAB}.AppStore|Any CPU.ActiveCfg = Debug|Any CPU
		{EB902115-081A-4DE6-8EA2-E07D1FD0BEAB}.AppStore|Any CPU.Build.0 = Debug|Any CPU
		{EB902115-081A-4DE6-8EA2-E07D1FD0BEAB}.AppStore|iPhone.ActiveCfg = Release|Any CPU
		{EB902115-081A-4DE6-8EA2-E07D1FD0BEAB}.AppStore|iPhone.Build.0 = Release|Any CPU
		{EB902115-081A-4DE6-8EA2-E07D1FD0BEAB}.AppStore|iPhoneSimulator.ActiveCfg = Debug|Any CPU
		{EB902115-081A-4DE6-8EA2-E07D1FD0BEAB}.AppStore|iPhoneSimulator.Build.0 = Debug|Any CPU
		{EB902115-081A-4DE6-8EA2-E07D1FD0BEAB}.Debug|Any CPU.ActiveCfg = Debug|Any CPU
		{EB902115-081A-4DE6-8EA2-E07D1FD0BEAB}.Debug|Any CPU.Build.0 = Debug|Any CPU
		{EB902115-081A-4DE6-8EA2-E07D1FD0BEAB}.Debug|iPhone.ActiveCfg = Debug|Any CPU
		{EB902115-081A-4DE6-8EA2-E07D1FD0BEAB}.Debug|iPhone.Build.0 = Debug|Any CPU
		{EB902115-081A-4DE6-8EA2-E07D1FD0BEAB}.Debug|iPhoneSimulator.ActiveCfg = Debug|Any CPU
		{EB902115-081A-4DE6-8EA2-E07D1FD0BEAB}.Debug|iPhoneSimulator.Build.0 = Debug|Any CPU
		{EB902115-081A-4DE6-8EA2-E07D1FD0BEAB}.Release|Any CPU.ActiveCfg = Release|Any CPU
		{EB902115-081A-4DE6-8EA2-E07D1FD0BEAB}.Release|Any CPU.Build.0 = Release|Any CPU
		{EB902115-081A-4DE6-8EA2-E07D1FD0BEAB}.Release|iPhone.ActiveCfg = Release|Any CPU
		{EB902115-081A-4DE6-8EA2-E07D1FD0BEAB}.Release|iPhone.Build.0 = Release|Any CPU
		{EB902115-081A-4DE6-8EA2-E07D1FD0BEAB}.Release|iPhoneSimulator.ActiveCfg = Release|Any CPU
		{EB902115-081A-4DE6-8EA2-E07D1FD0BEAB}.Release|iPhoneSimulator.Build.0 = Release|Any CPU
		{5F9B01B2-1200-478F-8FE2-98AAE20A23D8}.Ad-Hoc|Any CPU.ActiveCfg = Debug|Any CPU
		{5F9B01B2-1200-478F-8FE2-98AAE20A23D8}.Ad-Hoc|Any CPU.Build.0 = Debug|Any CPU
		{5F9B01B2-1200-478F-8FE2-98AAE20A23D8}.Ad-Hoc|iPhone.ActiveCfg = Release|Any CPU
		{5F9B01B2-1200-478F-8FE2-98AAE20A23D8}.Ad-Hoc|iPhone.Build.0 = Release|Any CPU
		{5F9B01B2-1200-478F-8FE2-98AAE20A23D8}.Ad-Hoc|iPhoneSimulator.ActiveCfg = Debug|Any CPU
		{5F9B01B2-1200-478F-8FE2-98AAE20A23D8}.Ad-Hoc|iPhoneSimulator.Build.0 = Debug|Any CPU
		{5F9B01B2-1200-478F-8FE2-98AAE20A23D8}.API|Any CPU.ActiveCfg = API|Any CPU
		{5F9B01B2-1200-478F-8FE2-98AAE20A23D8}.API|iPhone.ActiveCfg = API|Any CPU
		{5F9B01B2-1200-478F-8FE2-98AAE20A23D8}.API|iPhone.Build.0 = API|Any CPU
		{5F9B01B2-1200-478F-8FE2-98AAE20A23D8}.API|iPhoneSimulator.ActiveCfg = API|Any CPU
		{5F9B01B2-1200-478F-8FE2-98AAE20A23D8}.API|iPhoneSimulator.Build.0 = API|Any CPU
		{5F9B01B2-1200-478F-8FE2-98AAE20A23D8}.AppStore|Any CPU.ActiveCfg = Debug|Any CPU
		{5F9B01B2-1200-478F-8FE2-98AAE20A23D8}.AppStore|Any CPU.Build.0 = Debug|Any CPU
		{5F9B01B2-1200-478F-8FE2-98AAE20A23D8}.AppStore|iPhone.ActiveCfg = Release|Any CPU
		{5F9B01B2-1200-478F-8FE2-98AAE20A23D8}.AppStore|iPhone.Build.0 = Release|Any CPU
		{5F9B01B2-1200-478F-8FE2-98AAE20A23D8}.AppStore|iPhoneSimulator.ActiveCfg = Debug|Any CPU
		{5F9B01B2-1200-478F-8FE2-98AAE20A23D8}.AppStore|iPhoneSimulator.Build.0 = Debug|Any CPU
		{5F9B01B2-1200-478F-8FE2-98AAE20A23D8}.Debug|Any CPU.ActiveCfg = Debug|Any CPU
		{5F9B01B2-1200-478F-8FE2-98AAE20A23D8}.Debug|Any CPU.Build.0 = Debug|Any CPU
		{5F9B01B2-1200-478F-8FE2-98AAE20A23D8}.Debug|iPhone.ActiveCfg = Debug|Any CPU
		{5F9B01B2-1200-478F-8FE2-98AAE20A23D8}.Debug|iPhone.Build.0 = Debug|Any CPU
		{5F9B01B2-1200-478F-8FE2-98AAE20A23D8}.Debug|iPhoneSimulator.ActiveCfg = Debug|Any CPU
		{5F9B01B2-1200-478F-8FE2-98AAE20A23D8}.Debug|iPhoneSimulator.Build.0 = Debug|Any CPU
		{5F9B01B2-1200-478F-8FE2-98AAE20A23D8}.Release|Any CPU.ActiveCfg = Release|Any CPU
		{5F9B01B2-1200-478F-8FE2-98AAE20A23D8}.Release|Any CPU.Build.0 = Release|Any CPU
		{5F9B01B2-1200-478F-8FE2-98AAE20A23D8}.Release|iPhone.ActiveCfg = Release|Any CPU
		{5F9B01B2-1200-478F-8FE2-98AAE20A23D8}.Release|iPhone.Build.0 = Release|Any CPU
		{5F9B01B2-1200-478F-8FE2-98AAE20A23D8}.Release|iPhoneSimulator.ActiveCfg = Release|Any CPU
		{5F9B01B2-1200-478F-8FE2-98AAE20A23D8}.Release|iPhoneSimulator.Build.0 = Release|Any CPU
		{E29FF308-2255-42EE-9368-7EB765743DD8}.Ad-Hoc|Any CPU.ActiveCfg = Debug|Any CPU
		{E29FF308-2255-42EE-9368-7EB765743DD8}.Ad-Hoc|Any CPU.Build.0 = Debug|Any CPU
		{E29FF308-2255-42EE-9368-7EB765743DD8}.Ad-Hoc|iPhone.ActiveCfg = Debug|Any CPU
		{E29FF308-2255-42EE-9368-7EB765743DD8}.Ad-Hoc|iPhone.Build.0 = Debug|Any CPU
		{E29FF308-2255-42EE-9368-7EB765743DD8}.Ad-Hoc|iPhoneSimulator.ActiveCfg = Debug|Any CPU
		{E29FF308-2255-42EE-9368-7EB765743DD8}.Ad-Hoc|iPhoneSimulator.Build.0 = Debug|Any CPU
		{E29FF308-2255-42EE-9368-7EB765743DD8}.API|Any CPU.ActiveCfg = Debug|Any CPU
		{E29FF308-2255-42EE-9368-7EB765743DD8}.API|Any CPU.Build.0 = Debug|Any CPU
		{E29FF308-2255-42EE-9368-7EB765743DD8}.API|iPhone.ActiveCfg = Debug|Any CPU
		{E29FF308-2255-42EE-9368-7EB765743DD8}.API|iPhone.Build.0 = Debug|Any CPU
		{E29FF308-2255-42EE-9368-7EB765743DD8}.API|iPhoneSimulator.ActiveCfg = Debug|Any CPU
		{E29FF308-2255-42EE-9368-7EB765743DD8}.API|iPhoneSimulator.Build.0 = Debug|Any CPU
		{E29FF308-2255-42EE-9368-7EB765743DD8}.AppStore|Any CPU.ActiveCfg = Debug|Any CPU
		{E29FF308-2255-42EE-9368-7EB765743DD8}.AppStore|Any CPU.Build.0 = Debug|Any CPU
		{E29FF308-2255-42EE-9368-7EB765743DD8}.AppStore|iPhone.ActiveCfg = Debug|Any CPU
		{E29FF308-2255-42EE-9368-7EB765743DD8}.AppStore|iPhone.Build.0 = Debug|Any CPU
		{E29FF308-2255-42EE-9368-7EB765743DD8}.AppStore|iPhoneSimulator.ActiveCfg = Debug|Any CPU
		{E29FF308-2255-42EE-9368-7EB765743DD8}.AppStore|iPhoneSimulator.Build.0 = Debug|Any CPU
		{E29FF308-2255-42EE-9368-7EB765743DD8}.Debug|Any CPU.ActiveCfg = Debug|Any CPU
		{E29FF308-2255-42EE-9368-7EB765743DD8}.Debug|Any CPU.Build.0 = Debug|Any CPU
		{E29FF308-2255-42EE-9368-7EB765743DD8}.Debug|iPhone.ActiveCfg = Debug|Any CPU
		{E29FF308-2255-42EE-9368-7EB765743DD8}.Debug|iPhone.Build.0 = Debug|Any CPU
		{E29FF308-2255-42EE-9368-7EB765743DD8}.Debug|iPhoneSimulator.ActiveCfg = Debug|Any CPU
		{E29FF308-2255-42EE-9368-7EB765743DD8}.Debug|iPhoneSimulator.Build.0 = Debug|Any CPU
		{E29FF308-2255-42EE-9368-7EB765743DD8}.Release|Any CPU.ActiveCfg = Release|Any CPU
		{E29FF308-2255-42EE-9368-7EB765743DD8}.Release|Any CPU.Build.0 = Release|Any CPU
		{E29FF308-2255-42EE-9368-7EB765743DD8}.Release|iPhone.ActiveCfg = Release|Any CPU
		{E29FF308-2255-42EE-9368-7EB765743DD8}.Release|iPhone.Build.0 = Release|Any CPU
		{E29FF308-2255-42EE-9368-7EB765743DD8}.Release|iPhoneSimulator.ActiveCfg = Release|Any CPU
		{E29FF308-2255-42EE-9368-7EB765743DD8}.Release|iPhoneSimulator.Build.0 = Release|Any CPU
		{89816A04-3AEF-407F-A54A-1492CE83DD6A}.Ad-Hoc|Any CPU.ActiveCfg = Debug|Any CPU
		{89816A04-3AEF-407F-A54A-1492CE83DD6A}.Ad-Hoc|Any CPU.Build.0 = Debug|Any CPU
		{89816A04-3AEF-407F-A54A-1492CE83DD6A}.Ad-Hoc|iPhone.ActiveCfg = Release|Any CPU
		{89816A04-3AEF-407F-A54A-1492CE83DD6A}.Ad-Hoc|iPhone.Build.0 = Release|Any CPU
		{89816A04-3AEF-407F-A54A-1492CE83DD6A}.Ad-Hoc|iPhoneSimulator.ActiveCfg = Debug|Any CPU
		{89816A04-3AEF-407F-A54A-1492CE83DD6A}.Ad-Hoc|iPhoneSimulator.Build.0 = Debug|Any CPU
		{89816A04-3AEF-407F-A54A-1492CE83DD6A}.API|Any CPU.ActiveCfg = Debug|Any CPU
		{89816A04-3AEF-407F-A54A-1492CE83DD6A}.API|Any CPU.Build.0 = Debug|Any CPU
		{89816A04-3AEF-407F-A54A-1492CE83DD6A}.API|iPhone.ActiveCfg = Debug|Any CPU
		{89816A04-3AEF-407F-A54A-1492CE83DD6A}.API|iPhone.Build.0 = Debug|Any CPU
		{89816A04-3AEF-407F-A54A-1492CE83DD6A}.API|iPhoneSimulator.ActiveCfg = Debug|Any CPU
		{89816A04-3AEF-407F-A54A-1492CE83DD6A}.API|iPhoneSimulator.Build.0 = Debug|Any CPU
		{89816A04-3AEF-407F-A54A-1492CE83DD6A}.AppStore|Any CPU.ActiveCfg = Debug|Any CPU
		{89816A04-3AEF-407F-A54A-1492CE83DD6A}.AppStore|Any CPU.Build.0 = Debug|Any CPU
		{89816A04-3AEF-407F-A54A-1492CE83DD6A}.AppStore|iPhone.ActiveCfg = Release|Any CPU
		{89816A04-3AEF-407F-A54A-1492CE83DD6A}.AppStore|iPhone.Build.0 = Release|Any CPU
		{89816A04-3AEF-407F-A54A-1492CE83DD6A}.AppStore|iPhoneSimulator.ActiveCfg = Debug|Any CPU
		{89816A04-3AEF-407F-A54A-1492CE83DD6A}.AppStore|iPhoneSimulator.Build.0 = Debug|Any CPU
		{89816A04-3AEF-407F-A54A-1492CE83DD6A}.Debug|Any CPU.ActiveCfg = Debug|Any CPU
		{89816A04-3AEF-407F-A54A-1492CE83DD6A}.Debug|Any CPU.Build.0 = Debug|Any CPU
		{89816A04-3AEF-407F-A54A-1492CE83DD6A}.Debug|iPhone.ActiveCfg = Debug|Any CPU
		{89816A04-3AEF-407F-A54A-1492CE83DD6A}.Debug|iPhone.Build.0 = Debug|Any CPU
		{89816A04-3AEF-407F-A54A-1492CE83DD6A}.Debug|iPhoneSimulator.ActiveCfg = Debug|Any CPU
		{89816A04-3AEF-407F-A54A-1492CE83DD6A}.Debug|iPhoneSimulator.Build.0 = Debug|Any CPU
		{89816A04-3AEF-407F-A54A-1492CE83DD6A}.Release|Any CPU.ActiveCfg = Release|Any CPU
		{89816A04-3AEF-407F-A54A-1492CE83DD6A}.Release|Any CPU.Build.0 = Release|Any CPU
		{89816A04-3AEF-407F-A54A-1492CE83DD6A}.Release|iPhone.ActiveCfg = Release|Any CPU
		{89816A04-3AEF-407F-A54A-1492CE83DD6A}.Release|iPhone.Build.0 = Release|Any CPU
		{89816A04-3AEF-407F-A54A-1492CE83DD6A}.Release|iPhoneSimulator.ActiveCfg = Release|Any CPU
		{89816A04-3AEF-407F-A54A-1492CE83DD6A}.Release|iPhoneSimulator.Build.0 = Release|Any CPU
		{FEBC2CDE-EC1E-4D15-A316-E4DE0B12F47D}.Ad-Hoc|Any CPU.ActiveCfg = Release|Any CPU
		{FEBC2CDE-EC1E-4D15-A316-E4DE0B12F47D}.Ad-Hoc|Any CPU.Build.0 = Release|Any CPU
		{FEBC2CDE-EC1E-4D15-A316-E4DE0B12F47D}.Ad-Hoc|iPhone.ActiveCfg = Release|Any CPU
		{FEBC2CDE-EC1E-4D15-A316-E4DE0B12F47D}.Ad-Hoc|iPhone.Build.0 = Release|Any CPU
		{FEBC2CDE-EC1E-4D15-A316-E4DE0B12F47D}.Ad-Hoc|iPhoneSimulator.ActiveCfg = Release|Any CPU
		{FEBC2CDE-EC1E-4D15-A316-E4DE0B12F47D}.Ad-Hoc|iPhoneSimulator.Build.0 = Release|Any CPU
		{FEBC2CDE-EC1E-4D15-A316-E4DE0B12F47D}.API|Any CPU.ActiveCfg = Debug|Any CPU
		{FEBC2CDE-EC1E-4D15-A316-E4DE0B12F47D}.API|Any CPU.Build.0 = Debug|Any CPU
		{FEBC2CDE-EC1E-4D15-A316-E4DE0B12F47D}.API|iPhone.ActiveCfg = Debug|Any CPU
		{FEBC2CDE-EC1E-4D15-A316-E4DE0B12F47D}.API|iPhone.Build.0 = Debug|Any CPU
		{FEBC2CDE-EC1E-4D15-A316-E4DE0B12F47D}.API|iPhoneSimulator.ActiveCfg = Debug|Any CPU
		{FEBC2CDE-EC1E-4D15-A316-E4DE0B12F47D}.API|iPhoneSimulator.Build.0 = Debug|Any CPU
		{FEBC2CDE-EC1E-4D15-A316-E4DE0B12F47D}.AppStore|Any CPU.ActiveCfg = Release|Any CPU
		{FEBC2CDE-EC1E-4D15-A316-E4DE0B12F47D}.AppStore|Any CPU.Build.0 = Release|Any CPU
		{FEBC2CDE-EC1E-4D15-A316-E4DE0B12F47D}.AppStore|iPhone.ActiveCfg = Release|Any CPU
		{FEBC2CDE-EC1E-4D15-A316-E4DE0B12F47D}.AppStore|iPhone.Build.0 = Release|Any CPU
		{FEBC2CDE-EC1E-4D15-A316-E4DE0B12F47D}.AppStore|iPhoneSimulator.ActiveCfg = Release|Any CPU
		{FEBC2CDE-EC1E-4D15-A316-E4DE0B12F47D}.AppStore|iPhoneSimulator.Build.0 = Release|Any CPU
		{FEBC2CDE-EC1E-4D15-A316-E4DE0B12F47D}.Debug|Any CPU.ActiveCfg = Debug|Any CPU
		{FEBC2CDE-EC1E-4D15-A316-E4DE0B12F47D}.Debug|Any CPU.Build.0 = Debug|Any CPU
		{FEBC2CDE-EC1E-4D15-A316-E4DE0B12F47D}.Debug|iPhone.ActiveCfg = Debug|Any CPU
		{FEBC2CDE-EC1E-4D15-A316-E4DE0B12F47D}.Debug|iPhone.Build.0 = Debug|Any CPU
		{FEBC2CDE-EC1E-4D15-A316-E4DE0B12F47D}.Debug|iPhoneSimulator.ActiveCfg = Debug|Any CPU
		{FEBC2CDE-EC1E-4D15-A316-E4DE0B12F47D}.Debug|iPhoneSimulator.Build.0 = Debug|Any CPU
		{FEBC2CDE-EC1E-4D15-A316-E4DE0B12F47D}.Release|Any CPU.ActiveCfg = Release|Any CPU
		{FEBC2CDE-EC1E-4D15-A316-E4DE0B12F47D}.Release|Any CPU.Build.0 = Release|Any CPU
		{FEBC2CDE-EC1E-4D15-A316-E4DE0B12F47D}.Release|iPhone.ActiveCfg = Release|Any CPU
		{FEBC2CDE-EC1E-4D15-A316-E4DE0B12F47D}.Release|iPhone.Build.0 = Release|Any CPU
		{FEBC2CDE-EC1E-4D15-A316-E4DE0B12F47D}.Release|iPhoneSimulator.ActiveCfg = Release|Any CPU
		{FEBC2CDE-EC1E-4D15-A316-E4DE0B12F47D}.Release|iPhoneSimulator.Build.0 = Release|Any CPU
		{B565B8D3-DDB6-4904-9825-60DFC4485624}.Ad-Hoc|Any CPU.ActiveCfg = Debug|Any CPU
		{B565B8D3-DDB6-4904-9825-60DFC4485624}.Ad-Hoc|Any CPU.Build.0 = Debug|Any CPU
		{B565B8D3-DDB6-4904-9825-60DFC4485624}.Ad-Hoc|iPhone.ActiveCfg = Debug|Any CPU
		{B565B8D3-DDB6-4904-9825-60DFC4485624}.Ad-Hoc|iPhone.Build.0 = Debug|Any CPU
		{B565B8D3-DDB6-4904-9825-60DFC4485624}.Ad-Hoc|iPhoneSimulator.ActiveCfg = Debug|Any CPU
		{B565B8D3-DDB6-4904-9825-60DFC4485624}.Ad-Hoc|iPhoneSimulator.Build.0 = Debug|Any CPU
		{B565B8D3-DDB6-4904-9825-60DFC4485624}.API|Any CPU.ActiveCfg = Debug|Any CPU
		{B565B8D3-DDB6-4904-9825-60DFC4485624}.API|Any CPU.Build.0 = Debug|Any CPU
		{B565B8D3-DDB6-4904-9825-60DFC4485624}.API|iPhone.ActiveCfg = Debug|Any CPU
		{B565B8D3-DDB6-4904-9825-60DFC4485624}.API|iPhone.Build.0 = Debug|Any CPU
		{B565B8D3-DDB6-4904-9825-60DFC4485624}.API|iPhoneSimulator.ActiveCfg = Debug|Any CPU
		{B565B8D3-DDB6-4904-9825-60DFC4485624}.API|iPhoneSimulator.Build.0 = Debug|Any CPU
		{B565B8D3-DDB6-4904-9825-60DFC4485624}.AppStore|Any CPU.ActiveCfg = Debug|Any CPU
		{B565B8D3-DDB6-4904-9825-60DFC4485624}.AppStore|Any CPU.Build.0 = Debug|Any CPU
		{B565B8D3-DDB6-4904-9825-60DFC4485624}.AppStore|iPhone.ActiveCfg = Debug|Any CPU
		{B565B8D3-DDB6-4904-9825-60DFC4485624}.AppStore|iPhone.Build.0 = Debug|Any CPU
		{B565B8D3-DDB6-4904-9825-60DFC4485624}.AppStore|iPhoneSimulator.ActiveCfg = Debug|Any CPU
		{B565B8D3-DDB6-4904-9825-60DFC4485624}.AppStore|iPhoneSimulator.Build.0 = Debug|Any CPU
		{B565B8D3-DDB6-4904-9825-60DFC4485624}.Debug|Any CPU.ActiveCfg = Debug|Any CPU
		{B565B8D3-DDB6-4904-9825-60DFC4485624}.Debug|Any CPU.Build.0 = Debug|Any CPU
		{B565B8D3-DDB6-4904-9825-60DFC4485624}.Debug|iPhone.ActiveCfg = Debug|Any CPU
		{B565B8D3-DDB6-4904-9825-60DFC4485624}.Debug|iPhone.Build.0 = Debug|Any CPU
		{B565B8D3-DDB6-4904-9825-60DFC4485624}.Debug|iPhoneSimulator.ActiveCfg = Debug|Any CPU
		{B565B8D3-DDB6-4904-9825-60DFC4485624}.Debug|iPhoneSimulator.Build.0 = Debug|Any CPU
		{B565B8D3-DDB6-4904-9825-60DFC4485624}.Release|Any CPU.ActiveCfg = Release|Any CPU
		{B565B8D3-DDB6-4904-9825-60DFC4485624}.Release|Any CPU.Build.0 = Release|Any CPU
		{B565B8D3-DDB6-4904-9825-60DFC4485624}.Release|iPhone.ActiveCfg = Release|Any CPU
		{B565B8D3-DDB6-4904-9825-60DFC4485624}.Release|iPhone.Build.0 = Release|Any CPU
		{B565B8D3-DDB6-4904-9825-60DFC4485624}.Release|iPhoneSimulator.ActiveCfg = Release|Any CPU
		{B565B8D3-DDB6-4904-9825-60DFC4485624}.Release|iPhoneSimulator.Build.0 = Release|Any CPU
	EndGlobalSection
	GlobalSection(SolutionProperties) = preSolution
		HideSolutionNode = FALSE
	EndGlobalSection
	GlobalSection(NestedProjects) = preSolution
		{5227B587-09DB-4AFB-8A8E-48922F9CBFB8} = {8DF8F2E2-4DFA-41A7-AE52-E7B09C8BCE14}
		{19D199A4-AAA9-4BC2-B9D0-887DDD24C213} = {3FB23AB9-F940-440B-A428-C6B3678E1396}
		{C6C4B85D-262E-4666-9E19-D10C96A574F9} = {3FB23AB9-F940-440B-A428-C6B3678E1396}
		{3FB23AB9-F940-440B-A428-C6B3678E1396} = {8DF8F2E2-4DFA-41A7-AE52-E7B09C8BCE14}
		{9B6EC426-AF43-4F17-9C3A-C79C2ECBF58F} = {8DF8F2E2-4DFA-41A7-AE52-E7B09C8BCE14}
		{501D9ABC-0EBC-4E04-BE0E-545212899816} = {8DF8F2E2-4DFA-41A7-AE52-E7B09C8BCE14}
		{A4455838-A921-4DB0-A192-5FFED6E87160} = {9B6EC426-AF43-4F17-9C3A-C79C2ECBF58F}
		{34450B4E-1BD7-4606-B325-263046FE2E11} = {9B6EC426-AF43-4F17-9C3A-C79C2ECBF58F}
		{EB902115-081A-4DE6-8EA2-E07D1FD0BEAB} = {8DF8F2E2-4DFA-41A7-AE52-E7B09C8BCE14}
		{5F9B01B2-1200-478F-8FE2-98AAE20A23D8} = {9B6EC426-AF43-4F17-9C3A-C79C2ECBF58F}
		{E29FF308-2255-42EE-9368-7EB765743DD8} = {8DF8F2E2-4DFA-41A7-AE52-E7B09C8BCE14}
		{89816A04-3AEF-407F-A54A-1492CE83DD6A} = {9B6EC426-AF43-4F17-9C3A-C79C2ECBF58F}
		{FEBC2CDE-EC1E-4D15-A316-E4DE0B12F47D} = {9B6EC426-AF43-4F17-9C3A-C79C2ECBF58F}
		{B565B8D3-DDB6-4904-9825-60DFC4485624} = {3FB23AB9-F940-440B-A428-C6B3678E1396}
	EndGlobalSection
	GlobalSection(ExtensibilityGlobals) = postSolution
		SolutionGuid = {A88E6124-F7E8-4B7A-BCCE-018D73314660}
	EndGlobalSection
EndGlobal
